
Microsoft Visual Studio Solution File, Format Version 12.00
# Visual Studio Version 17
VisualStudioVersion = 17.4.33213.308
MinimumVisualStudioVersion = 10.0.40219.1
Project("{FAE04EC0-301F-11D3-BF4B-00C04F79EFBC}") = "calculadora", "calculadora.csproj", "{D5FDBF16-94D2-4E7B-BCE1-D7DEAB577A66}"
EndProject
Project("{FAE04EC0-301F-11D3-BF4B-00C04F79EFBC}") = "CalculadoraResult", "..\CalculadoraResult\CalculadoraResult.csproj", "{BBA1ACC2-8128-45AD-804C-B340659A8FC1}"
EndProject
Global
	GlobalSection(SolutionConfigurationPlatforms) = preSolution
		Debug|Any CPU = Debug|Any CPU
		Release|Any CPU = Release|Any CPU
	EndGlobalSection
	GlobalSection(ProjectConfigurationPlatforms) = postSolution
		{D5FDBF16-94D2-4E7B-BCE1-D7DEAB577A66}.Debug|Any CPU.ActiveCfg = Debug|Any CPU
		{D5FDBF16-94D2-4E7B-BCE1-D7DEAB577A66}.Debug|Any CPU.Build.0 = Debug|Any CPU
		{D5FDBF16-94D2-4E7B-BCE1-D7DEAB577A66}.Release|Any CPU.ActiveCfg = Release|Any CPU
		{D5FDBF16-94D2-4E7B-BCE1-D7DEAB577A66}.Release|Any CPU.Build.0 = Release|Any CPU
		{BBA1ACC2-8128-45AD-804C-B340659A8FC1}.Debug|Any CPU.ActiveCfg = Debug|Any CPU
		{BBA1ACC2-8128-45AD-804C-B340659A8FC1}.Debug|Any CPU.Build.0 = Debug|Any CPU
		{BBA1ACC2-8128-45AD-804C-B340659A8FC1}.Release|Any CPU.ActiveCfg = Release|Any CPU
		{BBA1ACC2-8128-45AD-804C-B340659A8FC1}.Release|Any CPU.Build.0 = Release|Any CPU
	EndGlobalSection
	GlobalSection(SolutionProperties) = preSolution
		HideSolutionNode = FALSE
	EndGlobalSection
	GlobalSection(ExtensibilityGlobals) = postSolution
		SolutionGuid = {768F0D86-CDBB-424F-A351-3316E6822162}
	EndGlobalSection
EndGlobal
