
Microsoft Visual Studio Solution File, Format Version 12.00
# Visual Studio Version 17
VisualStudioVersion = 17.4.33213.308
MinimumVisualStudioVersion = 10.0.40219.1
Project("{FAE04EC0-301F-11D3-BF4B-00C04F79EFBC}") = "productosAgregar", "productosAgregar.csproj", "{CF4A8C82-3E98-401B-BA43-8D695F9B5B8E}"
EndProject
Global
	GlobalSection(SolutionConfigurationPlatforms) = preSolution
		Debug|Any CPU = Debug|Any CPU
		Release|Any CPU = Release|Any CPU
	EndGlobalSection
	GlobalSection(ProjectConfigurationPlatforms) = postSolution
		{CF4A8C82-3E98-401B-BA43-8D695F9B5B8E}.Debug|Any CPU.ActiveCfg = Debug|Any CPU
		{CF4A8C82-3E98-401B-BA43-8D695F9B5B8E}.Debug|Any CPU.Build.0 = Debug|Any CPU
		{CF4A8C82-3E98-401B-BA43-8D695F9B5B8E}.Release|Any CPU.ActiveCfg = Release|Any CPU
		{CF4A8C82-3E98-401B-BA43-8D695F9B5B8E}.Release|Any CPU.Build.0 = Release|Any CPU
	EndGlobalSection
	GlobalSection(SolutionProperties) = preSolution
		HideSolutionNode = FALSE
	EndGlobalSection
	GlobalSection(ExtensibilityGlobals) = postSolution
		SolutionGuid = {210B595C-2FDD-4CE7-96AD-99E860CB9489}
	EndGlobalSection
EndGlobal
